
Microsoft Visual Studio Solution File, Format Version 12.00
# Visual Studio 15
VisualStudioVersion = 15.0.28307.572
MinimumVisualStudioVersion = 10.0.40219.1
Project("{FAE04EC0-301F-11D3-BF4B-00C04F79EFBC}") = "Movid.App", "Web\Movid.App.csproj", "{18FC247E-341F-4DB5-B0A9-0A213AFAAC85}"
EndProject
Project("{FAE04EC0-301F-11D3-BF4B-00C04F79EFBC}") = "Movid.Shared", "Movid.Shared\Movid.Shared.csproj", "{3BF22C65-9315-4A63-B57C-8EB2D49E12F3}"
EndProject
Project("{FAE04EC0-301F-11D3-BF4B-00C04F79EFBC}") = "Movid.Marketing", "Movid.Marketing\Movid.Marketing.csproj", "{FB7BD7F3-0212-4810-9A33-DCEAC1836285}"
EndProject
Global
	GlobalSection(SolutionConfigurationPlatforms) = preSolution
		Debug|Any CPU = Debug|Any CPU
		Release|Any CPU = Release|Any CPU
		Test|Any CPU = Test|Any CPU
	EndGlobalSection
	GlobalSection(ProjectConfigurationPlatforms) = postSolution
		{18FC247E-341F-4DB5-B0A9-0A213AFAAC85}.Debug|Any CPU.ActiveCfg = Debug|Any CPU
		{18FC247E-341F-4DB5-B0A9-0A213AFAAC85}.Debug|Any CPU.Build.0 = Debug|Any CPU
		{18FC247E-341F-4DB5-B0A9-0A213AFAAC85}.Release|Any CPU.ActiveCfg = Release|Any CPU
		{18FC247E-341F-4DB5-B0A9-0A213AFAAC85}.Release|Any CPU.Build.0 = Release|Any CPU
		{18FC247E-341F-4DB5-B0A9-0A213AFAAC85}.Test|Any CPU.ActiveCfg = Release|Any CPU
		{18FC247E-341F-4DB5-B0A9-0A213AFAAC85}.Test|Any CPU.Build.0 = Release|Any CPU
		{3BF22C65-9315-4A63-B57C-8EB2D49E12F3}.Debug|Any CPU.ActiveCfg = Debug|Any CPU
		{3BF22C65-9315-4A63-B57C-8EB2D49E12F3}.Debug|Any CPU.Build.0 = Debug|Any CPU
		{3BF22C65-9315-4A63-B57C-8EB2D49E12F3}.Release|Any CPU.ActiveCfg = Release|Any CPU
		{3BF22C65-9315-4A63-B57C-8EB2D49E12F3}.Release|Any CPU.Build.0 = Release|Any CPU
		{3BF22C65-9315-4A63-B57C-8EB2D49E12F3}.Test|Any CPU.ActiveCfg = Release|Any CPU
		{3BF22C65-9315-4A63-B57C-8EB2D49E12F3}.Test|Any CPU.Build.0 = Release|Any CPU
		{FB7BD7F3-0212-4810-9A33-DCEAC1836285}.Debug|Any CPU.ActiveCfg = Debug|Any CPU
		{FB7BD7F3-0212-4810-9A33-DCEAC1836285}.Debug|Any CPU.Build.0 = Debug|Any CPU
		{FB7BD7F3-0212-4810-9A33-DCEAC1836285}.Release|Any CPU.ActiveCfg = Release|Any CPU
		{FB7BD7F3-0212-4810-9A33-DCEAC1836285}.Release|Any CPU.Build.0 = Release|Any CPU
		{FB7BD7F3-0212-4810-9A33-DCEAC1836285}.Test|Any CPU.ActiveCfg = Release|Any CPU
		{FB7BD7F3-0212-4810-9A33-DCEAC1836285}.Test|Any CPU.Build.0 = Release|Any CPU
	EndGlobalSection
	GlobalSection(SolutionProperties) = preSolution
		HideSolutionNode = FALSE
	EndGlobalSection
	GlobalSection(ExtensibilityGlobals) = postSolution
		SolutionGuid = {18F6ECFD-A703-4562-8EA3-63B92C37F7FB}
	EndGlobalSection
EndGlobal
